# This file is automatically @generated by Cargo.
# It is not intended for manual editing.
version = 4

[[package]]
name = "embedded-exp"
version = "0.3.0"
source = "registry+https://github.com/rust-lang/crates.io-index"
checksum = "0b911aef0ff9d18fa28f41d86fb0b5cfa0077fa301f78f755b1fd9889b3c324a"

[[package]]
name = "sigmoid-q15"
version = "0.1.0"
dependencies = [
 "embedded-exp",
]
